
Microsoft Visual Studio Solution File, Format Version 12.00
# Visual Studio Version 17
VisualStudioVersion = 17.9.34902.65
MinimumVisualStudioVersion = 10.0.40219.1
Project("{9A19103F-16F7-4668-BE54-9A1E7A4F7556}") = "pdftest", "pdftest\pdftest.csproj", "{7985693E-19E3-4E1B-A4D1-3DB2B703CEC6}"
EndProject
Project("{FAE04EC0-301F-11D3-BF4B-00C04F79EFBC}") = "pdftest.Core", "pdftest.Core\pdftest.Core.csproj", "{9CDABE1E-C31C-42B6-82C1-C79E90DB70E3}"
EndProject
Global
	GlobalSection(SolutionConfigurationPlatforms) = preSolution
		Debug|Any CPU = Debug|Any CPU
		Release|Any CPU = Release|Any CPU
	EndGlobalSection
	GlobalSection(ProjectConfigurationPlatforms) = postSolution
		{7985693E-19E3-4E1B-A4D1-3DB2B703CEC6}.Debug|Any CPU.ActiveCfg = Debug|Any CPU
		{7985693E-19E3-4E1B-A4D1-3DB2B703CEC6}.Debug|Any CPU.Build.0 = Debug|Any CPU
		{7985693E-19E3-4E1B-A4D1-3DB2B703CEC6}.Release|Any CPU.ActiveCfg = Release|Any CPU
		{7985693E-19E3-4E1B-A4D1-3DB2B703CEC6}.Release|Any CPU.Build.0 = Release|Any CPU
		{9CDABE1E-C31C-42B6-82C1-C79E90DB70E3}.Debug|Any CPU.ActiveCfg = Debug|Any CPU
		{9CDABE1E-C31C-42B6-82C1-C79E90DB70E3}.Debug|Any CPU.Build.0 = Debug|Any CPU
		{9CDABE1E-C31C-42B6-82C1-C79E90DB70E3}.Release|Any CPU.ActiveCfg = Release|Any CPU
		{9CDABE1E-C31C-42B6-82C1-C79E90DB70E3}.Release|Any CPU.Build.0 = Release|Any CPU
	EndGlobalSection
	GlobalSection(SolutionProperties) = preSolution
		HideSolutionNode = FALSE
	EndGlobalSection
	GlobalSection(ExtensibilityGlobals) = postSolution
		SolutionGuid = {4E6005F7-CFEF-48F7-AC11-4C54197C8E73}
	EndGlobalSection
EndGlobal
